
Microsoft Visual Studio Solution File, Format Version 12.00
# Visual Studio Version 17
VisualStudioVersion = 17.5.002.0
MinimumVisualStudioVersion = 10.0.40219.1
Project("{2150E333-8FDC-42A3-9474-1A3956D46DE8}") = "LanguageBasics", "LanguageBasics", "{52E496D3-706A-4934-BF6A-9DDE5D7DCD73}"
EndProject
Project("{2150E333-8FDC-42A3-9474-1A3956D46DE8}") = "NETStarter", "NETStarter", "{C8BF517E-8B44-4358-9166-59691E501C51}"
EndProject
Project("{9A19103F-16F7-4668-BE54-9A1E7A4F7556}") = "Basics", "LanguageBasics\NETStarter\Basics\Basics.csproj", "{FD9DA2B1-B028-44F0-B4CD-56F8C8875E1C}"
EndProject
Global
	GlobalSection(SolutionConfigurationPlatforms) = preSolution
		Debug|Any CPU = Debug|Any CPU
		Release|Any CPU = Release|Any CPU
	EndGlobalSection
	GlobalSection(ProjectConfigurationPlatforms) = postSolution
		{FD9DA2B1-B028-44F0-B4CD-56F8C8875E1C}.Debug|Any CPU.ActiveCfg = Debug|Any CPU
		{FD9DA2B1-B028-44F0-B4CD-56F8C8875E1C}.Debug|Any CPU.Build.0 = Debug|Any CPU
		{FD9DA2B1-B028-44F0-B4CD-56F8C8875E1C}.Release|Any CPU.ActiveCfg = Release|Any CPU
		{FD9DA2B1-B028-44F0-B4CD-56F8C8875E1C}.Release|Any CPU.Build.0 = Release|Any CPU
	EndGlobalSection
	GlobalSection(SolutionProperties) = preSolution
		HideSolutionNode = FALSE
	EndGlobalSection
	GlobalSection(NestedProjects) = preSolution
		{C8BF517E-8B44-4358-9166-59691E501C51} = {52E496D3-706A-4934-BF6A-9DDE5D7DCD73}
		{FD9DA2B1-B028-44F0-B4CD-56F8C8875E1C} = {C8BF517E-8B44-4358-9166-59691E501C51}
	EndGlobalSection
	GlobalSection(ExtensibilityGlobals) = postSolution
		SolutionGuid = {BF12F691-6386-40D5-9B9C-27193A9CCBD3}
	EndGlobalSection
EndGlobal
